
Microsoft Visual Studio Solution File, Format Version 12.00
# Visual Studio 15
VisualStudioVersion = 15.0.28307.421
MinimumVisualStudioVersion = 10.0.40219.1
Project("{FAE04EC0-301F-11D3-BF4B-00C04F79EFBC}") = "ArtsCouncil.Workflow", "ArtsCouncil.Workflow\ArtsCouncil.Workflow.csproj", "{7E37EEFB-D214-4BCD-89F7-2D684EBE4B0F}"
EndProject
Project("{FAE04EC0-301F-11D3-BF4B-00C04F79EFBC}") = "ArtsCouncil.Plugins", "ArtsCouncil.Plugins\ArtsCouncil.Plugins.csproj", "{623BF453-74F1-4EA3-A1D0-34ABED722CCF}"
EndProject
Global
	GlobalSection(SolutionConfigurationPlatforms) = preSolution
		Debug|Any CPU = Debug|Any CPU
		Release|Any CPU = Release|Any CPU
	EndGlobalSection
	GlobalSection(ProjectConfigurationPlatforms) = postSolution
		{7E37EEFB-D214-4BCD-89F7-2D684EBE4B0F}.Debug|Any CPU.ActiveCfg = Debug|Any CPU
		{7E37EEFB-D214-4BCD-89F7-2D684EBE4B0F}.Debug|Any CPU.Build.0 = Debug|Any CPU
		{7E37EEFB-D214-4BCD-89F7-2D684EBE4B0F}.Release|Any CPU.ActiveCfg = Release|Any CPU
		{7E37EEFB-D214-4BCD-89F7-2D684EBE4B0F}.Release|Any CPU.Build.0 = Release|Any CPU
		{623BF453-74F1-4EA3-A1D0-34ABED722CCF}.Debug|Any CPU.ActiveCfg = Debug|Any CPU
		{623BF453-74F1-4EA3-A1D0-34ABED722CCF}.Debug|Any CPU.Build.0 = Debug|Any CPU
		{623BF453-74F1-4EA3-A1D0-34ABED722CCF}.Release|Any CPU.ActiveCfg = Release|Any CPU
		{623BF453-74F1-4EA3-A1D0-34ABED722CCF}.Release|Any CPU.Build.0 = Release|Any CPU
	EndGlobalSection
	GlobalSection(SolutionProperties) = preSolution
		HideSolutionNode = FALSE
	EndGlobalSection
	GlobalSection(ExtensibilityGlobals) = postSolution
		SolutionGuid = {7EE7DB86-C1F1-41B0-90F4-86DC3CB95449}
	EndGlobalSection
EndGlobal
